
Microsoft Visual Studio Solution File, Format Version 12.00
# Visual Studio Version 17
VisualStudioVersion = 17.0.32112.339
MinimumVisualStudioVersion = 10.0.40219.1
Project("{9A19103F-16F7-4668-BE54-9A1E7A4F7556}") = "SimpleSlotMachine.ConsoleApp", "SimpleSlotMachine.ConsoleApp\SimpleSlotMachine.ConsoleApp.csproj", "{1E686DFF-F674-4DF7-B5F9-4613FBC9D362}"
EndProject
Project("{9A19103F-16F7-4668-BE54-9A1E7A4F7556}") = "SimpleSlotMachine.Services", "SimpleSlotMachine.Services\SimpleSlotMachine.Services.csproj", "{D8314C25-5462-40C5-9473-CC05E22D9209}"
EndProject
Project("{9A19103F-16F7-4668-BE54-9A1E7A4F7556}") = "SimpleSlotMachine.Common", "SimpleSlotMachine.Common\SimpleSlotMachine.Common.csproj", "{F2AB0616-268F-489A-AA46-F54FE1C2F4CF}"
EndProject
Project("{9A19103F-16F7-4668-BE54-9A1E7A4F7556}") = "SimpleSlotMachine.Repositories", "SimpleSlotMachine.Repositories\SimpleSlotMachine.Repositories.csproj", "{A542EB0F-4AE1-4101-A901-153EA5870F07}"
EndProject
Project("{9A19103F-16F7-4668-BE54-9A1E7A4F7556}") = "SimpleSlowMachine.DTOs", "SimpleSlowMachine.DTOs\SimpleSlowMachine.DTOs.csproj", "{2E9197C1-5567-49AF-872D-D613C931CC3F}"
EndProject
Project("{9A19103F-16F7-4668-BE54-9A1E7A4F7556}") = "SimpleSlotMachine.Tests", "SimpleSlotMachine.Tests\SimpleSlotMachine.Tests.csproj", "{BE20157D-2A90-4CE1-A67D-33763182397E}"
EndProject
Project("{9A19103F-16F7-4668-BE54-9A1E7A4F7556}") = "SimpleSlotMachine.Models", "SimpleSlotMachine.Models\SimpleSlotMachine.Models.csproj", "{6B7ED8FE-6EC2-40F2-B175-01CA459C0838}"
EndProject
Project("{9A19103F-16F7-4668-BE54-9A1E7A4F7556}") = "SimpleSlotMachine.Database", "SimpleSlotMachine.Database\SimpleSlotMachine.Database.csproj", "{40DDCA51-6247-442A-9E76-8A2A7F720CB8}"
EndProject
Project("{9A19103F-16F7-4668-BE54-9A1E7A4F7556}") = "SimpleSlotMachine.GambleMachines", "SimpleSlotMachine.GambleMachines\SimpleSlotMachine.GambleMachines.csproj", "{D8851C00-FF9E-4B8B-B85C-1B623A07A96F}"
EndProject
Global
	GlobalSection(SolutionConfigurationPlatforms) = preSolution
		Debug|Any CPU = Debug|Any CPU
		Release|Any CPU = Release|Any CPU
	EndGlobalSection
	GlobalSection(ProjectConfigurationPlatforms) = postSolution
		{1E686DFF-F674-4DF7-B5F9-4613FBC9D362}.Debug|Any CPU.ActiveCfg = Debug|Any CPU
		{1E686DFF-F674-4DF7-B5F9-4613FBC9D362}.Debug|Any CPU.Build.0 = Debug|Any CPU
		{1E686DFF-F674-4DF7-B5F9-4613FBC9D362}.Release|Any CPU.ActiveCfg = Release|Any CPU
		{1E686DFF-F674-4DF7-B5F9-4613FBC9D362}.Release|Any CPU.Build.0 = Release|Any CPU
		{D8314C25-5462-40C5-9473-CC05E22D9209}.Debug|Any CPU.ActiveCfg = Debug|Any CPU
		{D8314C25-5462-40C5-9473-CC05E22D9209}.Debug|Any CPU.Build.0 = Debug|Any CPU
		{D8314C25-5462-40C5-9473-CC05E22D9209}.Release|Any CPU.ActiveCfg = Release|Any CPU
		{D8314C25-5462-40C5-9473-CC05E22D9209}.Release|Any CPU.Build.0 = Release|Any CPU
		{F2AB0616-268F-489A-AA46-F54FE1C2F4CF}.Debug|Any CPU.ActiveCfg = Debug|Any CPU
		{F2AB0616-268F-489A-AA46-F54FE1C2F4CF}.Debug|Any CPU.Build.0 = Debug|Any CPU
		{F2AB0616-268F-489A-AA46-F54FE1C2F4CF}.Release|Any CPU.ActiveCfg = Release|Any CPU
		{F2AB0616-268F-489A-AA46-F54FE1C2F4CF}.Release|Any CPU.Build.0 = Release|Any CPU
		{A542EB0F-4AE1-4101-A901-153EA5870F07}.Debug|Any CPU.ActiveCfg = Debug|Any CPU
		{A542EB0F-4AE1-4101-A901-153EA5870F07}.Debug|Any CPU.Build.0 = Debug|Any CPU
		{A542EB0F-4AE1-4101-A901-153EA5870F07}.Release|Any CPU.ActiveCfg = Release|Any CPU
		{A542EB0F-4AE1-4101-A901-153EA5870F07}.Release|Any CPU.Build.0 = Release|Any CPU
		{2E9197C1-5567-49AF-872D-D613C931CC3F}.Debug|Any CPU.ActiveCfg = Debug|Any CPU
		{2E9197C1-5567-49AF-872D-D613C931CC3F}.Debug|Any CPU.Build.0 = Debug|Any CPU
		{2E9197C1-5567-49AF-872D-D613C931CC3F}.Release|Any CPU.ActiveCfg = Release|Any CPU
		{2E9197C1-5567-49AF-872D-D613C931CC3F}.Release|Any CPU.Build.0 = Release|Any CPU
		{BE20157D-2A90-4CE1-A67D-33763182397E}.Debug|Any CPU.ActiveCfg = Debug|Any CPU
		{BE20157D-2A90-4CE1-A67D-33763182397E}.Debug|Any CPU.Build.0 = Debug|Any CPU
		{BE20157D-2A90-4CE1-A67D-33763182397E}.Release|Any CPU.ActiveCfg = Release|Any CPU
		{BE20157D-2A90-4CE1-A67D-33763182397E}.Release|Any CPU.Build.0 = Release|Any CPU
		{6B7ED8FE-6EC2-40F2-B175-01CA459C0838}.Debug|Any CPU.ActiveCfg = Debug|Any CPU
		{6B7ED8FE-6EC2-40F2-B175-01CA459C0838}.Debug|Any CPU.Build.0 = Debug|Any CPU
		{6B7ED8FE-6EC2-40F2-B175-01CA459C0838}.Release|Any CPU.ActiveCfg = Release|Any CPU
		{6B7ED8FE-6EC2-40F2-B175-01CA459C0838}.Release|Any CPU.Build.0 = Release|Any CPU
		{40DDCA51-6247-442A-9E76-8A2A7F720CB8}.Debug|Any CPU.ActiveCfg = Debug|Any CPU
		{40DDCA51-6247-442A-9E76-8A2A7F720CB8}.Debug|Any CPU.Build.0 = Debug|Any CPU
		{40DDCA51-6247-442A-9E76-8A2A7F720CB8}.Release|Any CPU.ActiveCfg = Release|Any CPU
		{40DDCA51-6247-442A-9E76-8A2A7F720CB8}.Release|Any CPU.Build.0 = Release|Any CPU
		{D8851C00-FF9E-4B8B-B85C-1B623A07A96F}.Debug|Any CPU.ActiveCfg = Debug|Any CPU
		{D8851C00-FF9E-4B8B-B85C-1B623A07A96F}.Debug|Any CPU.Build.0 = Debug|Any CPU
		{D8851C00-FF9E-4B8B-B85C-1B623A07A96F}.Release|Any CPU.ActiveCfg = Release|Any CPU
		{D8851C00-FF9E-4B8B-B85C-1B623A07A96F}.Release|Any CPU.Build.0 = Release|Any CPU
	EndGlobalSection
	GlobalSection(SolutionProperties) = preSolution
		HideSolutionNode = FALSE
	EndGlobalSection
	GlobalSection(ExtensibilityGlobals) = postSolution
		SolutionGuid = {2D78C961-50C0-40EB-B82B-E06F8BCBC5E8}
	EndGlobalSection
EndGlobal
